
Microsoft Visual Studio Solution File, Format Version 12.00
# Visual Studio Version 16
VisualStudioVersion = 16.0.31201.326
MinimumVisualStudioVersion = 10.0.40219.1
Project("{9A19103F-16F7-4668-BE54-9A1E7A4F7556}") = "ghcrawler", "ghcrawler\ghcrawler.csproj", "{07E1A627-8F2D-46C7-95E2-A547DA005B3D}"
EndProject
Project("{9A19103F-16F7-4668-BE54-9A1E7A4F7556}") = "IssueDb", "IssueDb\IssueDb.csproj", "{C486EDB0-4559-4F7D-885B-DB0F5C215ECC}"
EndProject
Project("{9A19103F-16F7-4668-BE54-9A1E7A4F7556}") = "issuesof.net", "issuesof.net\issuesof.net.csproj", "{92F968FE-5149-4EC0-9E0C-A53ABDB46822}"
EndProject
Global
	GlobalSection(SolutionConfigurationPlatforms) = preSolution
		Debug|Any CPU = Debug|Any CPU
		Release|Any CPU = Release|Any CPU
	EndGlobalSection
	GlobalSection(ProjectConfigurationPlatforms) = postSolution
		{07E1A627-8F2D-46C7-95E2-A547DA005B3D}.Debug|Any CPU.ActiveCfg = Debug|Any CPU
		{07E1A627-8F2D-46C7-95E2-A547DA005B3D}.Debug|Any CPU.Build.0 = Debug|Any CPU
		{07E1A627-8F2D-46C7-95E2-A547DA005B3D}.Release|Any CPU.ActiveCfg = Release|Any CPU
		{07E1A627-8F2D-46C7-95E2-A547DA005B3D}.Release|Any CPU.Build.0 = Release|Any CPU
		{C486EDB0-4559-4F7D-885B-DB0F5C215ECC}.Debug|Any CPU.ActiveCfg = Debug|Any CPU
		{C486EDB0-4559-4F7D-885B-DB0F5C215ECC}.Debug|Any CPU.Build.0 = Debug|Any CPU
		{C486EDB0-4559-4F7D-885B-DB0F5C215ECC}.Release|Any CPU.ActiveCfg = Release|Any CPU
		{C486EDB0-4559-4F7D-885B-DB0F5C215ECC}.Release|Any CPU.Build.0 = Release|Any CPU
		{92F968FE-5149-4EC0-9E0C-A53ABDB46822}.Debug|Any CPU.ActiveCfg = Debug|Any CPU
		{92F968FE-5149-4EC0-9E0C-A53ABDB46822}.Debug|Any CPU.Build.0 = Debug|Any CPU
		{92F968FE-5149-4EC0-9E0C-A53ABDB46822}.Release|Any CPU.ActiveCfg = Release|Any CPU
		{92F968FE-5149-4EC0-9E0C-A53ABDB46822}.Release|Any CPU.Build.0 = Release|Any CPU
	EndGlobalSection
	GlobalSection(SolutionProperties) = preSolution
		HideSolutionNode = FALSE
	EndGlobalSection
	GlobalSection(ExtensibilityGlobals) = postSolution
		SolutionGuid = {086F04D2-B9A6-40DC-B8D7-821B980D0367}
	EndGlobalSection
EndGlobal
